
Microsoft Visual Studio Solution File, Format Version 12.00
# Visual Studio Version 17
VisualStudioVersion = 17.8.34511.84
MinimumVisualStudioVersion = 10.0.40219.1
Project("{FAE04EC0-301F-11D3-BF4B-00C04F79EFBC}") = "HolidayCounter", "HolidayCounter\HolidayCounter.csproj", "{65E4E0A2-26E4-402F-991B-C0404F662AEC}"
EndProject
Global
	GlobalSection(SolutionConfigurationPlatforms) = preSolution
		Debug|Any CPU = Debug|Any CPU
		Release|Any CPU = Release|Any CPU
	EndGlobalSection
	GlobalSection(ProjectConfigurationPlatforms) = postSolution
		{65E4E0A2-26E4-402F-991B-C0404F662AEC}.Debug|Any CPU.ActiveCfg = Debug|Any CPU
		{65E4E0A2-26E4-402F-991B-C0404F662AEC}.Debug|Any CPU.Build.0 = Debug|Any CPU
		{65E4E0A2-26E4-402F-991B-C0404F662AEC}.Release|Any CPU.ActiveCfg = Release|Any CPU
		{65E4E0A2-26E4-402F-991B-C0404F662AEC}.Release|Any CPU.Build.0 = Release|Any CPU
	EndGlobalSection
	GlobalSection(SolutionProperties) = preSolution
		HideSolutionNode = FALSE
	EndGlobalSection
	GlobalSection(ExtensibilityGlobals) = postSolution
		SolutionGuid = {26BB64ED-A909-484D-8AF4-899C871415C5}
	EndGlobalSection
EndGlobal
